
Microsoft Visual Studio Solution File, Format Version 12.00
Project("{FAE04EC0-301F-11D3-BF4B-00C04F79EFBC}") = "Catalogify", "Catalogify\Catalogify.csproj", "{B594BFAE-917B-45FA-B6F9-9E2388865CA8}"
EndProject
Global
	GlobalSection(SolutionConfigurationPlatforms) = preSolution
		Debug|Any CPU = Debug|Any CPU
		Release|Any CPU = Release|Any CPU
	EndGlobalSection
	GlobalSection(ProjectConfigurationPlatforms) = postSolution
		{B594BFAE-917B-45FA-B6F9-9E2388865CA8}.Debug|Any CPU.ActiveCfg = Debug|Any CPU
		{B594BFAE-917B-45FA-B6F9-9E2388865CA8}.Debug|Any CPU.Build.0 = Debug|Any CPU
		{B594BFAE-917B-45FA-B6F9-9E2388865CA8}.Release|Any CPU.ActiveCfg = Release|Any CPU
		{B594BFAE-917B-45FA-B6F9-9E2388865CA8}.Release|Any CPU.Build.0 = Release|Any CPU
	EndGlobalSection
EndGlobal
